// !$*UTF8*$!
{
	archiveVersion = 1;
	classes = {
	};
	objectVersion = 46;
	objects = {

/* Begin PBXBuildFile section */
		848305E91F11F3A7004B8C36 /* AppDelegate.swift in Sources */ = {isa = PBXBuildFile; fileRef = 848305E81F11F3A7004B8C36 /* AppDelegate.swift */; };
		848305EB1F11F3A7004B8C36 /* ViewController.swift in Sources */ = {isa = PBXBuildFile; fileRef = 848305EA1F11F3A7004B8C36 /* ViewController.swift */; };
		848305EE1F11F3A7004B8C36 /* Main.storyboard in Resources */ = {isa = PBXBuildFile; fileRef = 848305EC1F11F3A7004B8C36 /* Main.storyboard */; };
		848305F01F11F3A7004B8C36 /* Assets.xcassets in Resources */ = {isa = PBXBuildFile; fileRef = 848305EF1F11F3A7004B8C36 /* Assets.xcassets */; };
		848305F31F11F3A7004B8C36 /* LaunchScreen.storyboard in Resources */ = {isa = PBXBuildFile; fileRef = 848305F11F11F3A7004B8C36 /* LaunchScreen.storyboard */; };
		848305FE1F11F3A8004B8C36 /* apisampleTests.swift in Sources */ = {isa = PBXBuildFile; fileRef = 848305FD1F11F3A8004B8C36 /* apisampleTests.swift */; };
		E752E6ED2A48C194E9138150 /* Pods_apisampleTests.framework in Frameworks */ = {isa = PBXBuildFile; fileRef = F1B92EC21A03081196670827 /* Pods_apisampleTests.framework */; };
		F56DD807FC2DEF3616D9CF1E /* Pods_apisample.framework in Frameworks */ = {isa = PBXBuildFile; fileRef = 9AD4EC2540236F9D80726262 /* Pods_apisample.framework */; };
/* End PBXBuildFile section */

/* Begin PBXContainerItemProxy section */
		848305FA1F11F3A8004B8C36 /* PBXContainerItemProxy */ = {
			isa = PBXContainerItemProxy;
			containerPortal = 848305DD1F11F3A7004B8C36 /* Project object */;
			proxyType = 1;
			remoteGlobalIDString = 848305E41F11F3A7004B8C36;
			remoteInfo = apisample;
		};
/* End PBXContainerItemProxy section */

/* Begin PBXFileReference section */
		7F125E59D8C11D4571C95074 /* Pods-apisample.release.xcconfig */ = {isa = PBXFileReference; includeInIndex = 1; lastKnownFileType = text.xcconfig; name = "Pods-apisample.release.xcconfig"; path = "Pods/Target Support Files/Pods-apisample/Pods-apisample.release.xcconfig"; sourceTree = "<group>"; };
		848305E51F11F3A7004B8C36 /* apisample.app */ = {isa = PBXFileReference; explicitFileType = wrapper.application; includeInIndex = 0; path = apisample.app; sourceTree = BUILT_PRODUCTS_DIR; };
		848305E81F11F3A7004B8C36 /* AppDelegate.swift */ = {isa = PBXFileReference; lastKnownFileType = sourcecode.swift; path = AppDelegate.swift; sourceTree = "<group>"; };
		848305EA1F11F3A7004B8C36 /* ViewController.swift */ = {isa = PBXFileReference; lastKnownFileType = sourcecode.swift; path = ViewController.swift; sourceTree = "<group>"; };
		848305ED1F11F3A7004B8C36 /* Base */ = {isa = PBXFileReference; lastKnownFileType = file.storyboard; name = Base; path = Base.lproj/Main.storyboard; sourceTree = "<group>"; };
		848305EF1F11F3A7004B8C36 /* Assets.xcassets */ = {isa = PBXFileReference; lastKnownFileType = folder.assetcatalog; path = Assets.xcassets; sourceTree = "<group>"; };
		848305F21F11F3A7004B8C36 /* Base */ = {isa = PBXFileReference; lastKnownFileType = file.storyboard; name = Base; path = Base.lproj/LaunchScreen.storyboard; sourceTree = "<group>"; };
		848305F41F11F3A7004B8C36 /* Info.plist */ = {isa = PBXFileReference; lastKnownFileType = text.plist.xml; path = Info.plist; sourceTree = "<group>"; };
		848305F91F11F3A8004B8C36 /* apisampleTests.xctest */ = {isa = PBXFileReference; explicitFileType = wrapper.cfbundle; includeInIndex = 0; path = apisampleTests.xctest; sourceTree = BUILT_PRODUCTS_DIR; };
		848305FD1F11F3A8004B8C36 /* apisampleTests.swift */ = {isa = PBXFileReference; lastKnownFileType = sourcecode.swift; path = apisampleTests.swift; sourceTree = "<group>"; };
		848305FF1F11F3A8004B8C36 /* Info.plist */ = {isa = PBXFileReference; lastKnownFileType = text.plist.xml; path = Info.plist; sourceTree = "<group>"; };
		9AD4EC2540236F9D80726262 /* Pods_apisample.framework */ = {isa = PBXFileReference; explicitFileType = wrapper.framework; includeInIndex = 0; path = Pods_apisample.framework; sourceTree = BUILT_PRODUCTS_DIR; };
		D5143F35E0DA9057CADDD030 /* Pods-apisample.debug.xcconfig */ = {isa = PBXFileReference; includeInIndex = 1; lastKnownFileType = text.xcconfig; name = "Pods-apisample.debug.xcconfig"; path = "Pods/Target Support Files/Pods-apisample/Pods-apisample.debug.xcconfig"; sourceTree = "<group>"; };
		E4984A07106E4E0739ADA8FC /* Pods-apisampleTests.release.xcconfig */ = {isa = PBXFileReference; includeInIndex = 1; lastKnownFileType = text.xcconfig; name = "Pods-apisampleTests.release.xcconfig"; path = "Pods/Target Support Files/Pods-apisampleTests/Pods-apisampleTests.release.xcconfig"; sourceTree = "<group>"; };
		F054D963C741B4FD4EC4A613 /* Pods-apisampleTests.debug.xcconfig */ = {isa = PBXFileReference; includeInIndex = 1; lastKnownFileType = text.xcconfig; name = "Pods-apisampleTests.debug.xcconfig"; path = "Pods/Target Support Files/Pods-apisampleTests/Pods-apisampleTests.debug.xcconfig"; sourceTree = "<group>"; };
		F1B92EC21A03081196670827 /* Pods_apisampleTests.framework */ = {isa = PBXFileReference; explicitFileType = wrapper.framework; includeInIndex = 0; path = Pods_apisampleTests.framework; sourceTree = BUILT_PRODUCTS_DIR; };
/* End PBXFileReference section */

/* Begin PBXFrameworksBuildPhase section */
		848305E21F11F3A7004B8C36 /* Frameworks */ = {
			isa = PBXFrameworksBuildPhase;
			buildActionMask = 2147483647;
			files = (
				F56DD807FC2DEF3616D9CF1E /* Pods_apisample.framework in Frameworks */,
			);
			runOnlyForDeploymentPostprocessing = 0;
		};
		848305F61F11F3A8004B8C36 /* Frameworks */ = {
			isa = PBXFrameworksBuildPhase;
			buildActionMask = 2147483647;
			files = (
				E752E6ED2A48C194E9138150 /* Pods_apisampleTests.framework in Frameworks */,
			);
			runOnlyForDeploymentPostprocessing = 0;
		};
/* End PBXFrameworksBuildPhase section */

/* Begin PBXGroup section */
		0340D5CC6129E64A53AB6823 /* Pods */ = {
			isa = PBXGroup;
			children = (
				D5143F35E0DA9057CADDD030 /* Pods-apisample.debug.xcconfig */,
				7F125E59D8C11D4571C95074 /* Pods-apisample.release.xcconfig */,
				F054D963C741B4FD4EC4A613 /* Pods-apisampleTests.debug.xcconfig */,
				E4984A07106E4E0739ADA8FC /* Pods-apisampleTests.release.xcconfig */,
			);
			name = Pods;
			sourceTree = "<group>";
		};
		6EDC44EF89BF92AB805A2431 /* Frameworks */ = {
			isa = PBXGroup;
			children = (
				9AD4EC2540236F9D80726262 /* Pods_apisample.framework */,
				F1B92EC21A03081196670827 /* Pods_apisampleTests.framework */,
			);
			name = Frameworks;
			sourceTree = "<group>";
		};
		848305DC1F11F3A7004B8C36 = {
			isa = PBXGroup;
			children = (
				848305E71F11F3A7004B8C36 /* apisample */,
				848305FC1F11F3A8004B8C36 /* apisampleTests */,
				848305E61F11F3A7004B8C36 /* Products */,
				0340D5CC6129E64A53AB6823 /* Pods */,
				6EDC44EF89BF92AB805A2431 /* Frameworks */,
			);
			sourceTree = "<group>";
		};
		848305E61F11F3A7004B8C36 /* Products */ = {
			isa = PBXGroup;
			children = (
				848305E51F11F3A7004B8C36 /* apisample.app */,
				848305F91F11F3A8004B8C36 /* apisampleTests.xctest */,
			);
			name = Products;
			sourceTree = "<group>";
		};
		848305E71F11F3A7004B8C36 /* apisample */ = {
			isa = PBXGroup;
			children = (
				848305E81F11F3A7004B8C36 /* AppDelegate.swift */,
				848305EA1F11F3A7004B8C36 /* ViewController.swift */,
				848305EC1F11F3A7004B8C36 /* Main.storyboard */,
				848305EF1F11F3A7004B8C36 /* Assets.xcassets */,
				848305F11F11F3A7004B8C36 /* LaunchScreen.storyboard */,
				848305F41F11F3A7004B8C36 /* Info.plist */,
			);
			path = apisample;
			sourceTree = "<group>";
		};
		848305FC1F11F3A8004B8C36 /* apisampleTests */ = {
			isa = PBXGroup;
			children = (
				848305FD1F11F3A8004B8C36 /* apisampleTests.swift */,
				848305FF1F11F3A8004B8C36 /* Info.plist */,
			);
			path = apisampleTests;
			sourceTree = "<group>";
		};
/* End PBXGroup section */

/* Begin PBXNativeTarget section */
		848305E41F11F3A7004B8C36 /* apisample */ = {
			isa = PBXNativeTarget;
			buildConfigurationList = 848306021F11F3A8004B8C36 /* Build configuration list for PBXNativeTarget "apisample" */;
			buildPhases = (
				F95A3AC7B35EB10F36D0BC13 /* [CP] Check Pods Manifest.lock */,
				848305E11F11F3A7004B8C36 /* Sources */,
				848305E21F11F3A7004B8C36 /* Frameworks */,
				848305E31F11F3A7004B8C36 /* Resources */,
				8BDA2A716B241637D4A184B6 /* [CP] Embed Pods Frameworks */,
				7CBCE69D653090B88238C8EC /* [CP] Copy Pods Resources */,
			);
			buildRules = (
			);
			dependencies = (
			);
			name = apisample;
			productName = apisample;
			productReference = 848305E51F11F3A7004B8C36 /* apisample.app */;
			productType = "com.apple.product-type.application";
		};
		848305F81F11F3A8004B8C36 /* apisampleTests */ = {
			isa = PBXNativeTarget;
			buildConfigurationList = 848306051F11F3A8004B8C36 /* Build configuration list for PBXNativeTarget "apisampleTests" */;
			buildPhases = (
				F7836C594D17C0FF7D9EF58E /* [CP] Check Pods Manifest.lock */,
				848305F51F11F3A8004B8C36 /* Sources */,
				848305F61F11F3A8004B8C36 /* Frameworks */,
				848305F71F11F3A8004B8C36 /* Resources */,
				3A4952DCEAF6BB1F1AB99B45 /* [CP] Embed Pods Frameworks */,
				66029E924A00C884EE8840C5 /* [CP] Copy Pods Resources */,
			);
			buildRules = (
			);
			dependencies = (
				848305FB1F11F3A8004B8C36 /* PBXTargetDependency */,
			);
			name = apisampleTests;
			productName = apisampleTests;
			productReference = 848305F91F11F3A8004B8C36 /* apisampleTests.xctest */;
			productType = "com.apple.product-type.bundle.unit-test";
		};
/* End PBXNativeTarget section */

/* Begin PBXProject section */
		848305DD1F11F3A7004B8C36 /* Project object */ = {
			isa = PBXProject;
			attributes = {
				LastSwiftUpdateCheck = 0820;
				LastUpgradeCheck = 0820;
				ORGANIZATIONNAME = sachiko;
				TargetAttributes = {
					848305E41F11F3A7004B8C36 = {
						CreatedOnToolsVersion = 8.2.1;
						DevelopmentTeam = 5BS3A226T4;
						ProvisioningStyle = Automatic;
					};
					848305F81F11F3A8004B8C36 = {
						CreatedOnToolsVersion = 8.2.1;
						DevelopmentTeam = 5BS3A226T4;
						ProvisioningStyle = Automatic;
						TestTargetID = 848305E41F11F3A7004B8C36;
					};
				};
			};
			buildConfigurationList = 848305E01F11F3A7004B8C36 /* Build configuration list for PBXProject "apisample" */;
			compatibilityVersion = "Xcode 3.2";
			developmentRegion = English;
			hasScannedForEncodings = 0;
			knownRegions = (
				en,
				Base,
			);
			mainGroup = 848305DC1F11F3A7004B8C36;
			productRefGroup = 848305E61F11F3A7004B8C36 /* Products */;
			projectDirPath = "";
			projectRoot = "";
			targets = (
				848305E41F11F3A7004B8C36 /* apisample */,
				848305F81F11F3A8004B8C36 /* apisampleTests */,
			);
		};
/* End PBXProject section */

/* Begin PBXResourcesBuildPhase section */
		848305E31F11F3A7004B8C36 /* Resources */ = {
			isa = PBXResourcesBuildPhase;
			buildActionMask = 2147483647;
			files = (
				848305F31F11F3A7004B8C36 /* LaunchScreen.storyboard in Resources */,
				848305F01F11F3A7004B8C36 /* Assets.xcassets in Resources */,
				848305EE1F11F3A7004B8C36 /* Main.storyboard in Resources */,
			);
			runOnlyForDeploymentPostprocessing = 0;
		};
		848305F71F11F3A8004B8C36 /* Resources */ = {
			isa = PBXResourcesBuildPhase;
			buildActionMask = 2147483647;
			files = (
			);
			runOnlyForDeploymentPostprocessing = 0;
		};
/* End PBXResourcesBuildPhase section */

/* Begin PBXShellScriptBuildPhase section */
		3A4952DCEAF6BB1F1AB99B45 /* [CP] Embed Pods Frameworks */ = {
			isa = PBXShellScriptBuildPhase;
			buildActionMask = 2147483647;
			files = (
			);
			inputPaths = (
			);
			name = "[CP] Embed Pods Frameworks";
			outputPaths = (
			);
			runOnlyForDeploymentPostprocessing = 0;
			shellPath = /bin/sh;
			shellScript = "\"${SRCROOT}/Pods/Target Support Files/Pods-apisampleTests/Pods-apisampleTests-frameworks.sh\"\n";
			showEnvVarsInLog = 0;
		};
		66029E924A00C884EE8840C5 /* [CP] Copy Pods Resources */ = {
			isa = PBXShellScriptBuildPhase;
			buildActionMask = 2147483647;
			files = (
			);
			inputPaths = (
			);
			name = "[CP] Copy Pods Resources";
			outputPaths = (
			);
			runOnlyForDeploymentPostprocessing = 0;
			shellPath = /bin/sh;
			shellScript = "\"${SRCROOT}/Pods/Target Support Files/Pods-apisampleTests/Pods-apisampleTests-resources.sh\"\n";
			showEnvVarsInLog = 0;
		};
		7CBCE69D653090B88238C8EC /* [CP] Copy Pods Resources */ = {
			isa = PBXShellScriptBuildPhase;
			buildActionMask = 2147483647;
			files = (
			);
			inputPaths = (
			);
			name = "[CP] Copy Pods Resources";
			outputPaths = (
			);
			runOnlyForDeploymentPostprocessing = 0;
			shellPath = /bin/sh;
			shellScript = "\"${SRCROOT}/Pods/Target Support Files/Pods-apisample/Pods-apisample-resources.sh\"\n";
			showEnvVarsInLog = 0;
		};
		8BDA2A716B241637D4A184B6 /* [CP] Embed Pods Frameworks */ = {
			isa = PBXShellScriptBuildPhase;
			buildActionMask = 2147483647;
			files = (
			);
			inputPaths = (
			);
			name = "[CP] Embed Pods Frameworks";
			outputPaths = (
			);
			runOnlyForDeploymentPostprocessing = 0;
			shellPath = /bin/sh;
			shellScript = "\"${SRCROOT}/Pods/Target Support Files/Pods-apisample/Pods-apisample-frameworks.sh\"\n";
			showEnvVarsInLog = 0;
		};
		F7836C594D17C0FF7D9EF58E /* [CP] Check Pods Manifest.lock */ = {
			isa = PBXShellScriptBuildPhase;
			buildActionMask = 2147483647;
			files = (
			);
			inputPaths = (
			);
			name = "[CP] Check Pods Manifest.lock";
			outputPaths = (
			);
			runOnlyForDeploymentPostprocessing = 0;
			shellPath = /bin/sh;
			shellScript = "diff \"${PODS_PODFILE_DIR_PATH}/Podfile.lock\" \"${PODS_ROOT}/Manifest.lock\" > /dev/null\nif [ $? != 0 ] ; then\n    # print error to STDERR\n    echo \"error: The sandbox is not in sync with the Podfile.lock. Run 'pod install' or update your CocoaPods installation.\" >&2\n    exit 1\nfi\n";
			showEnvVarsInLog = 0;
		};
		F95A3AC7B35EB10F36D0BC13 /* [CP] Check Pods Manifest.lock */ = {
			isa = PBXShellScriptBuildPhase;
			buildActionMask = 2147483647;
			files = (
			);
			inputPaths = (
			);
			name = "[CP] Check Pods Manifest.lock";
			outputPaths = (
			);
			runOnlyForDeploymentPostprocessing = 0;
			shellPath = /bin/sh;
			shellScript = "diff \"${PODS_PODFILE_DIR_PATH}/Podfile.lock\" \"${PODS_ROOT}/Manifest.lock\" > /dev/null\nif [ $? != 0 ] ; then\n    # print error to STDERR\n    echo \"error: The sandbox is not in sync with the Podfile.lock. Run 'pod install' or update your CocoaPods installation.\" >&2\n    exit 1\nfi\n";
			showEnvVarsInLog = 0;
		};
/* End PBXShellScriptBuildPhase section */

/* Begin PBXSourcesBuildPhase section */
		848305E11F11F3A7004B8C36 /* Sources */ = {
			isa = PBXSourcesBuildPhase;
			buildActionMask = 2147483647;
			files = (
				848305EB1F11F3A7004B8C36 /* ViewController.swift in Sources */,
				848305E91F11F3A7004B8C36 /* AppDelegate.swift in Sources */,
			);
			runOnlyForDeploymentPostprocessing = 0;
		};
		848305F51F11F3A8004B8C36 /* Sources */ = {
			isa = PBXSourcesBuildPhase;
			buildActionMask = 2147483647;
			files = (
				848305FE1F11F3A8004B8C36 /* apisampleTests.swift in Sources */,
			);
			runOnlyForDeploymentPostprocessing = 0;
		};
/* End PBXSourcesBuildPhase section */

/* Begin PBXTargetDependency section */
		848305FB1F11F3A8004B8C36 /* PBXTargetDependency */ = {
			isa = PBXTargetDependency;
			target = 848305E41F11F3A7004B8C36 /* apisample */;
			targetProxy = 848305FA1F11F3A8004B8C36 /* PBXContainerItemProxy */;
		};
/* End PBXTargetDependency section */

/* Begin PBXVariantGroup section */
		848305EC1F11F3A7004B8C36 /* Main.storyboard */ = {
			isa = PBXVariantGroup;
			children = (
				848305ED1F11F3A7004B8C36 /* Base */,
			);
			name = Main.storyboard;
			sourceTree = "<group>";
		};
		848305F11F11F3A7004B8C36 /* LaunchScreen.storyboard */ = {
			isa = PBXVariantGroup;
			children = (
				848305F21F11F3A7004B8C36 /* Base */,
			);
			name = LaunchScreen.storyboard;
			sourceTree = "<group>";
		};
/* End PBXVariantGroup section */

/* Begin XCBuildConfiguration section */
		848306001F11F3A8004B8C36 /* Debug */ = {
			isa = XCBuildConfiguration;
			buildSettings = {
				ALWAYS_SEARCH_USER_PATHS = NO;
				CLANG_ANALYZER_NONNULL = YES;
				CLANG_CXX_LANGUAGE_STANDARD = "gnu++0x";
				CLANG_CXX_LIBRARY = "libc++";
				CLANG_ENABLE_MODULES = YES;
				CLANG_ENABLE_OBJC_ARC = YES;
				CLANG_WARN_BOOL_CONVERSION = YES;
				CLANG_WARN_CONSTANT_CONVERSION = YES;
				CLANG_WARN_DIRECT_OBJC_ISA_USAGE = YES_ERROR;
				CLANG_WARN_DOCUMENTATION_COMMENTS = YES;
				CLANG_WARN_EMPTY_BODY = YES;
				CLANG_WARN_ENUM_CONVERSION = YES;
				CLANG_WARN_INFINITE_RECURSION = YES;
				CLANG_WARN_INT_CONVERSION = YES;
				CLANG_WARN_OBJC_ROOT_CLASS = YES_ERROR;
				CLANG_WARN_SUSPICIOUS_MOVE = YES;
				CLANG_WARN_UNREACHABLE_CODE = YES;
				CLANG_WARN__DUPLICATE_METHOD_MATCH = YES;
				"CODE_SIGN_IDENTITY[sdk=iphoneos*]" = "iPhone Developer";
				COPY_PHASE_STRIP = NO;
				DEBUG_INFORMATION_FORMAT = dwarf;
				ENABLE_STRICT_OBJC_MSGSEND = YES;
				ENABLE_TESTABILITY = YES;
				GCC_C_LANGUAGE_STANDARD = gnu99;
				GCC_DYNAMIC_NO_PIC = NO;
				GCC_NO_COMMON_BLOCKS = YES;
				GCC_OPTIMIZATION_LEVEL = 0;
				GCC_PREPROCESSOR_DEFINITIONS = (
					"DEBUG=1",
					"$(inherited)",
				);
				GCC_WARN_64_TO_32_BIT_CONVERSION = YES;
				GCC_WARN_ABOUT_RETURN_TYPE = YES_ERROR;
				GCC_WARN_UNDECLARED_SELECTOR = YES;
				GCC_WARN_UNINITIALIZED_AUTOS = YES_AGGRESSIVE;
				GCC_WARN_UNUSED_FUNCTION = YES;
				GCC_WARN_UNUSED_VARIABLE = YES;
				IPHONEOS_DEPLOYMENT_TARGET = 10.2;
				MTL_ENABLE_DEBUG_INFO = YES;
				ONLY_ACTIVE_ARCH = YES;
				SDKROOT = iphoneos;
				SWIFT_ACTIVE_COMPILATION_CONDITIONS = DEBUG;
				SWIFT_OPTIMIZATION_LEVEL = "-Onone";
			};
			name = Debug;
		};
		848306011F11F3A8004B8C36 /* Release */ = {
			isa = XCBuildConfiguration;
			buildSettings = {
				ALWAYS_SEARCH_USER_PATHS = NO;
				CLANG_ANALYZER_NONNULL = YES;
				CLANG_CXX_LANGUAGE_STANDARD = "gnu++0x";
				CLANG_CXX_LIBRARY = "libc++";
				CLANG_ENABLE_MODULES = YES;
				CLANG_ENABLE_OBJC_ARC = YES;
				CLANG_WARN_BOOL_CONVERSION = YES;
				CLANG_WARN_CONSTANT_CONVERSION = YES;
				CLANG_WARN_DIRECT_OBJC_ISA_USAGE = YES_ERROR;
				CLANG_WARN_DOCUMENTATION_COMMENTS = YES;
				CLANG_WARN_EMPTY_BODY = YES;
				CLANG_WARN_ENUM_CONVERSION = YES;
				CLANG_WARN_INFINITE_RECURSION = YES;
				CLANG_WARN_INT_CONVERSION = YES;
				CLANG_WARN_OBJC_ROOT_CLASS = YES_ERROR;
				CLANG_WARN_SUSPICIOUS_MOVE = YES;
				CLANG_WARN_UNREACHABLE_CODE = YES;
				CLANG_WARN__DUPLICATE_METHOD_MATCH = YES;
				"CODE_SIGN_IDENTITY[sdk=iphoneos*]" = "iPhone Developer";
				COPY_PHASE_STRIP = NO;
				DEBUG_INFORMATION_FORMAT = "dwarf-with-dsym";
				ENABLE_NS_ASSERTIONS = NO;
				ENABLE_STRICT_OBJC_MSGSEND = YES;
				GCC_C_LANGUAGE_STANDARD = gnu99;
				GCC_NO_COMMON_BLOCKS = YES;
				GCC_WARN_64_TO_32_BIT_CONVERSION = YES;
				GCC_WARN_ABOUT_RETURN_TYPE = YES_ERROR;
				GCC_WARN_UNDECLARED_SELECTOR = YES;
				GCC_WARN_UNINITIALIZED_AUTOS = YES_AGGRESSIVE;
				GCC_WARN_UNUSED_FUNCTION = YES;
				GCC_WARN_UNUSED_VARIABLE = YES;
				IPHONEOS_DEPLOYMENT_TARGET = 10.2;
				MTL_ENABLE_DEBUG_INFO = NO;
				SDKROOT = iphoneos;
				SWIFT_OPTIMIZATION_LEVEL = "-Owholemodule";
				VALIDATE_PRODUCT = YES;
			};
			name = Release;
		};
		848306031F11F3A8004B8C36 /* Debug */ = {
			isa = XCBuildConfiguration;
			baseConfigurationReference = D5143F35E0DA9057CADDD030 /* Pods-apisample.debug.xcconfig */;
			buildSettings = {
				ASSETCATALOG_COMPILER_APPICON_NAME = AppIcon;
				DEVELOPMENT_TEAM = 5BS3A226T4;
				INFOPLIST_FILE = apisample/Info.plist;
				LD_RUNPATH_SEARCH_PATHS = "$(inherited) @executable_path/Frameworks";
				PRODUCT_BUNDLE_IDENTIFIER = com.sachiko.apisample;
				PRODUCT_NAME = "$(TARGET_NAME)";
				SWIFT_VERSION = 3.0;
			};
			name = Debug;
		};
		848306041F11F3A8004B8C36 /* Release */ = {
			isa = XCBuildConfiguration;
			baseConfigurationReference = 7F125E59D8C11D4571C95074 /* Pods-apisample.release.xcconfig */;
			buildSettings = {
				ASSETCATALOG_COMPILER_APPICON_NAME = AppIcon;
				DEVELOPMENT_TEAM = 5BS3A226T4;
				INFOPLIST_FILE = apisample/Info.plist;
				LD_RUNPATH_SEARCH_PATHS = "$(inherited) @executable_path/Frameworks";
				PRODUCT_BUNDLE_IDENTIFIER = com.sachiko.apisample;
				PRODUCT_NAME = "$(TARGET_NAME)";
				SWIFT_VERSION = 3.0;
			};
			name = Release;
		};
		848306061F11F3A8004B8C36 /* Debug */ = {
			isa = XCBuildConfiguration;
			baseConfigurationReference = F054D963C741B4FD4EC4A613 /* Pods-apisampleTests.debug.xcconfig */;
			buildSettings = {
				ALWAYS_EMBED_SWIFT_STANDARD_LIBRARIES = YES;
				BUNDLE_LOADER = "$(TEST_HOST)";
				DEVELOPMENT_TEAM = 5BS3A226T4;
				INFOPLIST_FILE = apisampleTests/Info.plist;
				LD_RUNPATH_SEARCH_PATHS = "$(inherited) @executable_path/Frameworks @loader_path/Frameworks";
				PRODUCT_BUNDLE_IDENTIFIER = com.sachiko.apisampleTests;
				PRODUCT_NAME = "$(TARGET_NAME)";
				SWIFT_VERSION = 3.0;
				TEST_HOST = "$(BUILT_PRODUCTS_DIR)/apisample.app/apisample";
			};
			name = Debug;
		};
		848306071F11F3A8004B8C36 /* Release */ = {
			isa = XCBuildConfiguration;
			baseConfigurationReference = E4984A07106E4E0739ADA8FC /* Pods-apisampleTests.release.xcconfig */;
			buildSettings = {
				ALWAYS_EMBED_SWIFT_STANDARD_LIBRARIES = YES;
				BUNDLE_LOADER = "$(TEST_HOST)";
				DEVELOPMENT_TEAM = 5BS3A226T4;
				INFOPLIST_FILE = apisampleTests/Info.plist;
				LD_RUNPATH_SEARCH_PATHS = "$(inherited) @executable_path/Frameworks @loader_path/Frameworks";
				PRODUCT_BUNDLE_IDENTIFIER = com.sachiko.apisampleTests;
				PRODUCT_NAME = "$(TARGET_NAME)";
				SWIFT_VERSION = 3.0;
				TEST_HOST = "$(BUILT_PRODUCTS_DIR)/apisample.app/apisample";
			};
			name = Release;
		};
/* End XCBuildConfiguration section */

/* Begin XCConfigurationList section */
		848305E01F11F3A7004B8C36 /* Build configuration list for PBXProject "apisample" */ = {
			isa = XCConfigurationList;
			buildConfigurations = (
				848306001F11F3A8004B8C36 /* Debug */,
				848306011F11F3A8004B8C36 /* Release */,
			);
			defaultConfigurationIsVisible = 0;
			defaultConfigurationName = Release;
		};
		848306021F11F3A8004B8C36 /* Build configuration list for PBXNativeTarget "apisample" */ = {
			isa = XCConfigurationList;
			buildConfigurations = (
				848306031F11F3A8004B8C36 /* Debug */,
				848306041F11F3A8004B8C36 /* Release */,
			);
			defaultConfigurationIsVisible = 0;
		};
		848306051F11F3A8004B8C36 /* Build configuration list for PBXNativeTarget "apisampleTests" */ = {
			isa = XCConfigurationList;
			buildConfigurations = (
				848306061F11F3A8004B8C36 /* Debug */,
				848306071F11F3A8004B8C36 /* Release */,
			);
			defaultConfigurationIsVisible = 0;
		};
/* End XCConfigurationList section */
	};
	rootObject = 848305DD1F11F3A7004B8C36 /* Project object */;
}
